
Microsoft Visual Studio Solution File, Format Version 12.00
# Visual Studio Version 17
VisualStudioVersion = 17.3.32929.385
MinimumVisualStudioVersion = 10.0.40219.1
Project("{9A19103F-16F7-4668-BE54-9A1E7A4F7556}") = "Airbnb", "Airbnb.csproj", "{1E6CD278-9A79-4A22-BA52-0815A9054B80}"
EndProject
Global
	GlobalSection(SolutionConfigurationPlatforms) = preSolution
		Debug|Any CPU = Debug|Any CPU
		Release|Any CPU = Release|Any CPU
	EndGlobalSection
	GlobalSection(ProjectConfigurationPlatforms) = postSolution
		{1E6CD278-9A79-4A22-BA52-0815A9054B80}.Debug|Any CPU.ActiveCfg = Debug|Any CPU
		{1E6CD278-9A79-4A22-BA52-0815A9054B80}.Debug|Any CPU.Build.0 = Debug|Any CPU
		{1E6CD278-9A79-4A22-BA52-0815A9054B80}.Release|Any CPU.ActiveCfg = Release|Any CPU
		{1E6CD278-9A79-4A22-BA52-0815A9054B80}.Release|Any CPU.Build.0 = Release|Any CPU
	EndGlobalSection
	GlobalSection(SolutionProperties) = preSolution
		HideSolutionNode = FALSE
	EndGlobalSection
	GlobalSection(ExtensibilityGlobals) = postSolution
		SolutionGuid = {C3773757-B3DF-4E1F-BE2D-CA1EE0037E9C}
	EndGlobalSection
EndGlobal
